
Microsoft Visual Studio Solution File, Format Version 12.00
# Visual Studio Version 16
VisualStudioVersion = 16.0.30320.27
MinimumVisualStudioVersion = 10.0.40219.1
Project("{FAE04EC0-301F-11D3-BF4B-00C04F79EFBC}") = "DateTimePickerOrnek", "DateTimePickerOrnek\DateTimePickerOrnek.csproj", "{D975E7AB-C759-4454-9AD8-F70DA8FE7B45}"
EndProject
Global
	GlobalSection(SolutionConfigurationPlatforms) = preSolution
		Debug|Any CPU = Debug|Any CPU
		Release|Any CPU = Release|Any CPU
	EndGlobalSection
	GlobalSection(ProjectConfigurationPlatforms) = postSolution
		{D975E7AB-C759-4454-9AD8-F70DA8FE7B45}.Debug|Any CPU.ActiveCfg = Debug|Any CPU
		{D975E7AB-C759-4454-9AD8-F70DA8FE7B45}.Debug|Any CPU.Build.0 = Debug|Any CPU
		{D975E7AB-C759-4454-9AD8-F70DA8FE7B45}.Release|Any CPU.ActiveCfg = Release|Any CPU
		{D975E7AB-C759-4454-9AD8-F70DA8FE7B45}.Release|Any CPU.Build.0 = Release|Any CPU
	EndGlobalSection
	GlobalSection(SolutionProperties) = preSolution
		HideSolutionNode = FALSE
	EndGlobalSection
	GlobalSection(ExtensibilityGlobals) = postSolution
		SolutionGuid = {F171F50D-306F-4A54-9460-B5283C3E5321}
	EndGlobalSection
EndGlobal
